
Microsoft Visual Studio Solution File, Format Version 12.00
# Visual Studio Version 17
VisualStudioVersion = 17.11.35327.3
MinimumVisualStudioVersion = 10.0.40219.1
Project("{FAE04EC0-301F-11D3-BF4B-00C04F79EFBC}") = "GlobalWeather.Api", "GlobalWeather.Api\GlobalWeather.Api.csproj", "{69FBCC92-1A7B-4CC3-959C-9E6A8776005E}"
EndProject
Global
	GlobalSection(SolutionConfigurationPlatforms) = preSolution
		Debug|Any CPU = Debug|Any CPU
		Release|Any CPU = Release|Any CPU
	EndGlobalSection
	GlobalSection(ProjectConfigurationPlatforms) = postSolution
		{69FBCC92-1A7B-4CC3-959C-9E6A8776005E}.Debug|Any CPU.ActiveCfg = Debug|Any CPU
		{69FBCC92-1A7B-4CC3-959C-9E6A8776005E}.Debug|Any CPU.Build.0 = Debug|Any CPU
		{69FBCC92-1A7B-4CC3-959C-9E6A8776005E}.Release|Any CPU.ActiveCfg = Release|Any CPU
		{69FBCC92-1A7B-4CC3-959C-9E6A8776005E}.Release|Any CPU.Build.0 = Release|Any CPU
	EndGlobalSection
	GlobalSection(SolutionProperties) = preSolution
		HideSolutionNode = FALSE
	EndGlobalSection
	GlobalSection(ExtensibilityGlobals) = postSolution
		SolutionGuid = {C1CF7128-10E0-49D2-B301-659802341A66}
	EndGlobalSection
EndGlobal
